// !$*UTF8*$!
{
	archiveVersion = 1;
	classes = {
	};
	objectVersion = 50;
	objects = {

/* Begin PBXBuildFile section */
		2D35A2D4241F8FE400C344AC /* Test.swift in Sources */ = {isa = PBXBuildFile; fileRef = 2D35A2B7241F8C2700C344AC /* Test.swift */; };
		65AC4C647D3C4143A936AD8D /* libPods-MobiusCocoaPodsTest.a in Frameworks */ = {isa = PBXBuildFile; fileRef = 9176E763A95DEA98DAB0C84E /* libPods-MobiusCocoaPodsTest.a */; };
/* End PBXBuildFile section */

/* Begin PBXCopyFilesBuildPhase section */
		2D35A2DB241F8FE400C344AC /* CopyFiles */ = {
			isa = PBXCopyFilesBuildPhase;
			buildActionMask = 2147483647;
			dstPath = "include/$(PRODUCT_NAME)";
			dstSubfolderSpec = 16;
			files = (
			);
			runOnlyForDeploymentPostprocessing = 0;
		};
/* End PBXCopyFilesBuildPhase section */

/* Begin PBXFileReference section */
		2D35A2B7241F8C2700C344AC /* Test.swift */ = {isa = PBXFileReference; lastKnownFileType = sourcecode.swift; path = Test.swift; sourceTree = "<group>"; };
		2D35A2DF241F8FE400C344AC /* libMobiusCocoaPodsTest.a */ = {isa = PBXFileReference; explicitFileType = archive.ar; includeInIndex = 0; path = libMobiusCocoaPodsTest.a; sourceTree = BUILT_PRODUCTS_DIR; };
		9176E763A95DEA98DAB0C84E /* libPods-MobiusCocoaPodsTest.a */ = {isa = PBXFileReference; explicitFileType = archive.ar; includeInIndex = 0; path = "libPods-MobiusCocoaPodsTest.a"; sourceTree = BUILT_PRODUCTS_DIR; };
		B40AB95B8A318764CAEEF6E6 /* Pods-MobiusCocoaPodsTest.release.xcconfig */ = {isa = PBXFileReference; includeInIndex = 1; lastKnownFileType = text.xcconfig; name = "Pods-MobiusCocoaPodsTest.release.xcconfig"; path = "Target Support Files/Pods-MobiusCocoaPodsTest/Pods-MobiusCocoaPodsTest.release.xcconfig"; sourceTree = "<group>"; };
		B8EA01C9A38F30E666F13695 /* Pods-MobiusCocoaPodsTest.debug.xcconfig */ = {isa = PBXFileReference; includeInIndex = 1; lastKnownFileType = text.xcconfig; name = "Pods-MobiusCocoaPodsTest.debug.xcconfig"; path = "Target Support Files/Pods-MobiusCocoaPodsTest/Pods-MobiusCocoaPodsTest.debug.xcconfig"; sourceTree = "<group>"; };
/* End PBXFileReference section */

/* Begin PBXFrameworksBuildPhase section */
		2D35A2D5241F8FE400C344AC /* Frameworks */ = {
			isa = PBXFrameworksBuildPhase;
			buildActionMask = 2147483647;
			files = (
				65AC4C647D3C4143A936AD8D /* libPods-MobiusCocoaPodsTest.a in Frameworks */,
			);
			runOnlyForDeploymentPostprocessing = 0;
		};
/* End PBXFrameworksBuildPhase section */

/* Begin PBXGroup section */
		2D35A2AB241F8C2700C344AC = {
			isa = PBXGroup;
			children = (
				2D35A2B6241F8C2700C344AC /* SharedSource */,
				2D35A2B5241F8C2700C344AC /* Products */,
				2D35A2C3241F8CFD00C344AC /* Frameworks */,
				8EB66A2C633A00DCF68DC8C4 /* Pods */,
			);
			sourceTree = "<group>";
		};
		2D35A2B5241F8C2700C344AC /* Products */ = {
			isa = PBXGroup;
			children = (
				2D35A2DF241F8FE400C344AC /* libMobiusCocoaPodsTest.a */,
			);
			name = Products;
			sourceTree = "<group>";
		};
		2D35A2B6241F8C2700C344AC /* SharedSource */ = {
			isa = PBXGroup;
			children = (
				2D35A2B7241F8C2700C344AC /* Test.swift */,
			);
			name = SharedSource;
			path = ../SharedSource;
			sourceTree = "<group>";
		};
		2D35A2C3241F8CFD00C344AC /* Frameworks */ = {
			isa = PBXGroup;
			children = (
				9176E763A95DEA98DAB0C84E /* libPods-MobiusCocoaPodsTest.a */,
			);
			name = Frameworks;
			sourceTree = "<group>";
		};
		8EB66A2C633A00DCF68DC8C4 /* Pods */ = {
			isa = PBXGroup;
			children = (
				B8EA01C9A38F30E666F13695 /* Pods-MobiusCocoaPodsTest.debug.xcconfig */,
				B40AB95B8A318764CAEEF6E6 /* Pods-MobiusCocoaPodsTest.release.xcconfig */,
			);
			path = Pods;
			sourceTree = "<group>";
		};
/* End PBXGroup section */

/* Begin PBXNativeTarget section */
		2D35A2CB241F8FE400C344AC /* MobiusCocoaPodsTest */ = {
			isa = PBXNativeTarget;
			buildConfigurationList = 2D35A2DC241F8FE400C344AC /* Build configuration list for PBXNativeTarget "MobiusCocoaPodsTest" */;
			buildPhases = (
				4AF6BFC7195FB7F495B2B03A /* [CP] Check Pods Manifest.lock */,
				2D35A2D3241F8FE400C344AC /* Sources */,
				2D35A2D5241F8FE400C344AC /* Frameworks */,
				2D35A2DB241F8FE400C344AC /* CopyFiles */,
			);
			buildRules = (
			);
			dependencies = (
			);
			name = MobiusCocoaPodsTest;
			productName = MobiusCocoaPodsTest;
			productReference = 2D35A2DF241F8FE400C344AC /* libMobiusCocoaPodsTest.a */;
			productType = "com.apple.product-type.library.static";
		};
/* End PBXNativeTarget section */

/* Begin PBXProject section */
		2D35A2AC241F8C2700C344AC /* Project object */ = {
			isa = PBXProject;
			attributes = {
				LastSwiftUpdateCheck = 1140;
				LastUpgradeCheck = 1140;
				ORGANIZATIONNAME = Spotify;
			};
			buildConfigurationList = 2D35A2AF241F8C2700C344AC /* Build configuration list for PBXProject "MobiusCocoaPodsTest" */;
			compatibilityVersion = "Xcode 9.3";
			developmentRegion = en;
			hasScannedForEncodings = 0;
			knownRegions = (
				en,
				Base,
			);
			mainGroup = 2D35A2AB241F8C2700C344AC;
			productRefGroup = 2D35A2B5241F8C2700C344AC /* Products */;
			projectDirPath = "";
			projectRoot = "";
			targets = (
				2D35A2CB241F8FE400C344AC /* MobiusCocoaPodsTest */,
			);
		};
/* End PBXProject section */

/* Begin PBXShellScriptBuildPhase section */
		4AF6BFC7195FB7F495B2B03A /* [CP] Check Pods Manifest.lock */ = {
			isa = PBXShellScriptBuildPhase;
			buildActionMask = 2147483647;
			files = (
			);
			inputFileListPaths = (
			);
			inputPaths = (
				"${PODS_PODFILE_DIR_PATH}/Podfile.lock",
				"${PODS_ROOT}/Manifest.lock",
			);
			name = "[CP] Check Pods Manifest.lock";
			outputFileListPaths = (
			);
			outputPaths = (
				"$(DERIVED_FILE_DIR)/Pods-MobiusCocoaPodsTest-checkManifestLockResult.txt",
			);
			runOnlyForDeploymentPostprocessing = 0;
			shellPath = /bin/sh;
			shellScript = "diff \"${PODS_PODFILE_DIR_PATH}/Podfile.lock\" \"${PODS_ROOT}/Manifest.lock\" > /dev/null\nif [ $? != 0 ] ; then\n    # print error to STDERR\n    echo \"error: The sandbox is not in sync with the Podfile.lock. Run 'pod install' or update your CocoaPods installation.\" >&2\n    exit 1\nfi\n# This output is used by Xcode 'outputs' to avoid re-running this script phase.\necho \"SUCCESS\" > \"${SCRIPT_OUTPUT_FILE_0}\"\n";
			showEnvVarsInLog = 0;
		};
/* End PBXShellScriptBuildPhase section */

/* Begin PBXSourcesBuildPhase section */
		2D35A2D3241F8FE400C344AC /* Sources */ = {
			isa = PBXSourcesBuildPhase;
			buildActionMask = 2147483647;
			files = (
				2D35A2D4241F8FE400C344AC /* Test.swift in Sources */,
			);
			runOnlyForDeploymentPostprocessing = 0;
		};
/* End PBXSourcesBuildPhase section */

/* Begin XCBuildConfiguration section */
		2D35A2B9241F8C2700C344AC /* Debug */ = {
			isa = XCBuildConfiguration;
			buildSettings = {
				ALWAYS_SEARCH_USER_PATHS = NO;
				COPY_PHASE_STRIP = NO;
				DEBUG_INFORMATION_FORMAT = dwarf;
				ENABLE_TESTABILITY = YES;
				GCC_DYNAMIC_NO_PIC = NO;
				GCC_NO_COMMON_BLOCKS = YES;
				GCC_OPTIMIZATION_LEVEL = 0;
				IPHONEOS_DEPLOYMENT_TARGET = 10.0;
				MACOSX_DEPLOYMENT_TARGET = 10.12;
				ONLY_ACTIVE_ARCH = YES;
				SKIP_INSTALL = YES;
				SWIFT_ACTIVE_COMPILATION_CONDITIONS = DEBUG;
				SWIFT_OPTIMIZATION_LEVEL = "-Onone";
				TVOS_DEPLOYMENT_TARGET = 10.0;
				WATCHOS_DEPLOYMENT_TARGET = 3.0;
			};
			name = Debug;
		};
		2D35A2BA241F8C2700C344AC /* Release */ = {
			isa = XCBuildConfiguration;
			buildSettings = {
				ALWAYS_SEARCH_USER_PATHS = NO;
				COPY_PHASE_STRIP = NO;
				DEBUG_INFORMATION_FORMAT = "dwarf-with-dsym";
				GCC_NO_COMMON_BLOCKS = YES;
				IPHONEOS_DEPLOYMENT_TARGET = 10.0;
				MACOSX_DEPLOYMENT_TARGET = 10.12;
				SKIP_INSTALL = YES;
				SWIFT_COMPILATION_MODE = wholemodule;
				SWIFT_OPTIMIZATION_LEVEL = "-O";
				TVOS_DEPLOYMENT_TARGET = 10.0;
				VALIDATE_PRODUCT = YES;
				WATCHOS_DEPLOYMENT_TARGET = 3.0;
			};
			name = Release;
		};
		2D35A2DD241F8FE400C344AC /* Debug */ = {
			isa = XCBuildConfiguration;
			baseConfigurationReference = B8EA01C9A38F30E666F13695 /* Pods-MobiusCocoaPodsTest.debug.xcconfig */;
			buildSettings = {
				CODE_SIGN_STYLE = Automatic;
				DEVELOPMENT_TEAM = 2FNC3A47ZF;
				FRAMEWORK_SEARCH_PATHS = (
					"$(inherited)",
					"$(PROJECT_DIR)/Carthage/Build/iOS",
				);
				PRODUCT_NAME = "$(TARGET_NAME)";
				SDKROOT = iphoneos;
				SUPPORTS_MACCATALYST = NO;
				SWIFT_VERSION = 5.0;
				TARGETED_DEVICE_FAMILY = "1,2";
			};
			name = Debug;
		};
		2D35A2DE241F8FE400C344AC /* Release */ = {
			isa = XCBuildConfiguration;
			baseConfigurationReference = B40AB95B8A318764CAEEF6E6 /* Pods-MobiusCocoaPodsTest.release.xcconfig */;
			buildSettings = {
				CODE_SIGN_STYLE = Automatic;
				DEVELOPMENT_TEAM = 2FNC3A47ZF;
				FRAMEWORK_SEARCH_PATHS = (
					"$(inherited)",
					"$(PROJECT_DIR)/Carthage/Build/iOS",
				);
				PRODUCT_NAME = "$(TARGET_NAME)";
				SDKROOT = iphoneos;
				SUPPORTS_MACCATALYST = NO;
				SWIFT_VERSION = 5.0;
				TARGETED_DEVICE_FAMILY = "1,2";
			};
			name = Release;
		};
/* End XCBuildConfiguration section */

/* Begin XCConfigurationList section */
		2D35A2AF241F8C2700C344AC /* Build configuration list for PBXProject "MobiusCocoaPodsTest" */ = {
			isa = XCConfigurationList;
			buildConfigurations = (
				2D35A2B9241F8C2700C344AC /* Debug */,
				2D35A2BA241F8C2700C344AC /* Release */,
			);
			defaultConfigurationIsVisible = 0;
			defaultConfigurationName = Release;
		};
		2D35A2DC241F8FE400C344AC /* Build configuration list for PBXNativeTarget "MobiusCocoaPodsTest" */ = {
			isa = XCConfigurationList;
			buildConfigurations = (
				2D35A2DD241F8FE400C344AC /* Debug */,
				2D35A2DE241F8FE400C344AC /* Release */,
			);
			defaultConfigurationIsVisible = 0;
			defaultConfigurationName = Release;
		};
/* End XCConfigurationList section */
	};
	rootObject = 2D35A2AC241F8C2700C344AC /* Project object */;
}
